
Microsoft Visual Studio Solution File, Format Version 12.00
# Visual Studio Version 16
VisualStudioVersion = 16.0.30907.101
MinimumVisualStudioVersion = 10.0.40219.1
Project("{9A19103F-16F7-4668-BE54-9A1E7A4F7556}") = "KampIntro", "KampIntro\KampIntro.csproj", "{791DA0D2-776F-417A-AFC3-9441036FA50E}"
EndProject
Project("{9A19103F-16F7-4668-BE54-9A1E7A4F7556}") = "Donguler", "Donguler\Donguler.csproj", "{10448BEF-B6F0-4E8E-B393-D08E2125B661}"
EndProject
Project("{9A19103F-16F7-4668-BE54-9A1E7A4F7556}") = "ClassIntro", "ClassIntro\ClassIntro.csproj", "{979B60C5-7555-416C-86AF-EA4EA83DF8F3}"
EndProject
Project("{9A19103F-16F7-4668-BE54-9A1E7A4F7556}") = "Ders2Odev6", "Ders2Odev6\Ders2Odev6.csproj", "{6FC50BF8-C523-451C-85BA-DC04B15F80A8}"
EndProject
Project("{9A19103F-16F7-4668-BE54-9A1E7A4F7556}") = "Metotlar", "Metotlar\Metotlar.csproj", "{28601461-3981-4962-B002-B1A0E2B84044}"
EndProject
Project("{9A19103F-16F7-4668-BE54-9A1E7A4F7556}") = "Matematik", "Matematik\Matematik.csproj", "{232D599B-4FE6-4F75-882D-29F4404A95F2}"
EndProject
Project("{9A19103F-16F7-4668-BE54-9A1E7A4F7556}") = "DegerVeReferansTipler", "DegerVeReferansTipler\DegerVeReferansTipler.csproj", "{EB37B361-B6D7-4C6F-B58D-26B3E361453C}"
EndProject
Project("{FAE04EC0-301F-11D3-BF4B-00C04F79EFBC}") = "OOP1", "OOP1\OOP1.csproj", "{97B68202-5201-4AD6-9698-14C4BF1EDF7A}"
EndProject
Project("{FAE04EC0-301F-11D3-BF4B-00C04F79EFBC}") = "Collections", "Collections\Collections.csproj", "{510553EA-2B14-44E4-96BE-E766C2C1D017}"
EndProject
Project("{FAE04EC0-301F-11D3-BF4B-00C04F79EFBC}") = "GenericsIntro", "GenericsIntro\GenericsIntro.csproj", "{2207B64F-5D20-411E-B2EA-9073B9D63F67}"
EndProject
Global
	GlobalSection(SolutionConfigurationPlatforms) = preSolution
		Debug|Any CPU = Debug|Any CPU
		Release|Any CPU = Release|Any CPU
	EndGlobalSection
	GlobalSection(ProjectConfigurationPlatforms) = postSolution
		{791DA0D2-776F-417A-AFC3-9441036FA50E}.Debug|Any CPU.ActiveCfg = Debug|Any CPU
		{791DA0D2-776F-417A-AFC3-9441036FA50E}.Debug|Any CPU.Build.0 = Debug|Any CPU
		{791DA0D2-776F-417A-AFC3-9441036FA50E}.Release|Any CPU.ActiveCfg = Release|Any CPU
		{791DA0D2-776F-417A-AFC3-9441036FA50E}.Release|Any CPU.Build.0 = Release|Any CPU
		{10448BEF-B6F0-4E8E-B393-D08E2125B661}.Debug|Any CPU.ActiveCfg = Debug|Any CPU
		{10448BEF-B6F0-4E8E-B393-D08E2125B661}.Debug|Any CPU.Build.0 = Debug|Any CPU
		{10448BEF-B6F0-4E8E-B393-D08E2125B661}.Release|Any CPU.ActiveCfg = Release|Any CPU
		{10448BEF-B6F0-4E8E-B393-D08E2125B661}.Release|Any CPU.Build.0 = Release|Any CPU
		{979B60C5-7555-416C-86AF-EA4EA83DF8F3}.Debug|Any CPU.ActiveCfg = Debug|Any CPU
		{979B60C5-7555-416C-86AF-EA4EA83DF8F3}.Debug|Any CPU.Build.0 = Debug|Any CPU
		{979B60C5-7555-416C-86AF-EA4EA83DF8F3}.Release|Any CPU.ActiveCfg = Release|Any CPU
		{979B60C5-7555-416C-86AF-EA4EA83DF8F3}.Release|Any CPU.Build.0 = Release|Any CPU
		{6FC50BF8-C523-451C-85BA-DC04B15F80A8}.Debug|Any CPU.ActiveCfg = Debug|Any CPU
		{6FC50BF8-C523-451C-85BA-DC04B15F80A8}.Debug|Any CPU.Build.0 = Debug|Any CPU
		{6FC50BF8-C523-451C-85BA-DC04B15F80A8}.Release|Any CPU.ActiveCfg = Release|Any CPU
		{6FC50BF8-C523-451C-85BA-DC04B15F80A8}.Release|Any CPU.Build.0 = Release|Any CPU
		{28601461-3981-4962-B002-B1A0E2B84044}.Debug|Any CPU.ActiveCfg = Debug|Any CPU
		{28601461-3981-4962-B002-B1A0E2B84044}.Debug|Any CPU.Build.0 = Debug|Any CPU
		{28601461-3981-4962-B002-B1A0E2B84044}.Release|Any CPU.ActiveCfg = Release|Any CPU
		{28601461-3981-4962-B002-B1A0E2B84044}.Release|Any CPU.Build.0 = Release|Any CPU
		{232D599B-4FE6-4F75-882D-29F4404A95F2}.Debug|Any CPU.ActiveCfg = Debug|Any CPU
		{232D599B-4FE6-4F75-882D-29F4404A95F2}.Debug|Any CPU.Build.0 = Debug|Any CPU
		{232D599B-4FE6-4F75-882D-29F4404A95F2}.Release|Any CPU.ActiveCfg = Release|Any CPU
		{232D599B-4FE6-4F75-882D-29F4404A95F2}.Release|Any CPU.Build.0 = Release|Any CPU
		{EB37B361-B6D7-4C6F-B58D-26B3E361453C}.Debug|Any CPU.ActiveCfg = Debug|Any CPU
		{EB37B361-B6D7-4C6F-B58D-26B3E361453C}.Debug|Any CPU.Build.0 = Debug|Any CPU
		{EB37B361-B6D7-4C6F-B58D-26B3E361453C}.Release|Any CPU.ActiveCfg = Release|Any CPU
		{EB37B361-B6D7-4C6F-B58D-26B3E361453C}.Release|Any CPU.Build.0 = Release|Any CPU
		{97B68202-5201-4AD6-9698-14C4BF1EDF7A}.Debug|Any CPU.ActiveCfg = Debug|Any CPU
		{97B68202-5201-4AD6-9698-14C4BF1EDF7A}.Debug|Any CPU.Build.0 = Debug|Any CPU
		{97B68202-5201-4AD6-9698-14C4BF1EDF7A}.Release|Any CPU.ActiveCfg = Release|Any CPU
		{97B68202-5201-4AD6-9698-14C4BF1EDF7A}.Release|Any CPU.Build.0 = Release|Any CPU
		{510553EA-2B14-44E4-96BE-E766C2C1D017}.Debug|Any CPU.ActiveCfg = Debug|Any CPU
		{510553EA-2B14-44E4-96BE-E766C2C1D017}.Debug|Any CPU.Build.0 = Debug|Any CPU
		{510553EA-2B14-44E4-96BE-E766C2C1D017}.Release|Any CPU.ActiveCfg = Release|Any CPU
		{510553EA-2B14-44E4-96BE-E766C2C1D017}.Release|Any CPU.Build.0 = Release|Any CPU
		{2207B64F-5D20-411E-B2EA-9073B9D63F67}.Debug|Any CPU.ActiveCfg = Debug|Any CPU
		{2207B64F-5D20-411E-B2EA-9073B9D63F67}.Debug|Any CPU.Build.0 = Debug|Any CPU
		{2207B64F-5D20-411E-B2EA-9073B9D63F67}.Release|Any CPU.ActiveCfg = Release|Any CPU
		{2207B64F-5D20-411E-B2EA-9073B9D63F67}.Release|Any CPU.Build.0 = Release|Any CPU
	EndGlobalSection
	GlobalSection(SolutionProperties) = preSolution
		HideSolutionNode = FALSE
	EndGlobalSection
	GlobalSection(ExtensibilityGlobals) = postSolution
		SolutionGuid = {DF18B243-FA14-45E3-9D33-743ADC3BDD42}
	EndGlobalSection
EndGlobal
